
Microsoft Visual Studio Solution File, Format Version 11.00
# Visual Studio 2010
Project("{FAE04EC0-301F-11D3-BF4B-00C04F79EFBC}") = "Ink-Runtime", "Ink-Runtime.csproj", "{EF078F3C-0263-C238-20DF-0DC3586919E2}"
EndProject
Project("{FAE04EC0-301F-11D3-BF4B-00C04F79EFBC}") = "Assembly-CSharp", "Assembly-CSharp.csproj", "{B83F728A-140F-17E6-987A-9C6647D7E183}"
EndProject
Project("{FAE04EC0-301F-11D3-BF4B-00C04F79EFBC}") = "Assembly-CSharp-Editor-firstpass", "Assembly-CSharp-Editor-firstpass.csproj", "{BDE35FB3-4971-03F0-3C54-39F81246C709}"
EndProject
Global
	GlobalSection(SolutionConfigurationPlatforms) = preSolution
		Debug|Any CPU = Debug|Any CPU
		Release|Any CPU = Release|Any CPU
	EndGlobalSection
	GlobalSection(ProjectConfigurationPlatforms) = postSolution
		{EF078F3C-0263-C238-20DF-0DC3586919E2}.Debug|Any CPU.ActiveCfg = Debug|Any CPU
		{EF078F3C-0263-C238-20DF-0DC3586919E2}.Debug|Any CPU.Build.0 = Debug|Any CPU
		{EF078F3C-0263-C238-20DF-0DC3586919E2}.Release|Any CPU.ActiveCfg = Release|Any CPU
		{EF078F3C-0263-C238-20DF-0DC3586919E2}.Release|Any CPU.Build.0 = Release|Any CPU
		{B83F728A-140F-17E6-987A-9C6647D7E183}.Debug|Any CPU.ActiveCfg = Debug|Any CPU
		{B83F728A-140F-17E6-987A-9C6647D7E183}.Debug|Any CPU.Build.0 = Debug|Any CPU
		{B83F728A-140F-17E6-987A-9C6647D7E183}.Release|Any CPU.ActiveCfg = Release|Any CPU
		{B83F728A-140F-17E6-987A-9C6647D7E183}.Release|Any CPU.Build.0 = Release|Any CPU
		{BDE35FB3-4971-03F0-3C54-39F81246C709}.Debug|Any CPU.ActiveCfg = Debug|Any CPU
		{BDE35FB3-4971-03F0-3C54-39F81246C709}.Debug|Any CPU.Build.0 = Debug|Any CPU
		{BDE35FB3-4971-03F0-3C54-39F81246C709}.Release|Any CPU.ActiveCfg = Release|Any CPU
		{BDE35FB3-4971-03F0-3C54-39F81246C709}.Release|Any CPU.Build.0 = Release|Any CPU
	EndGlobalSection
	GlobalSection(SolutionProperties) = preSolution
		HideSolutionNode = FALSE
	EndGlobalSection
EndGlobal
